
Microsoft Visual Studio Solution File, Format Version 12.00
# Visual Studio Version 17
VisualStudioVersion = 17.10.34928.147
MinimumVisualStudioVersion = 10.0.40219.1
Project("{FAE04EC0-301F-11D3-BF4B-00C04F79EFBC}") = "TaskManager", "TaskManager\TaskManager.csproj", "{B5494373-42F6-43FE-AFAC-D08106A3C77B}"
EndProject
Global
	GlobalSection(SolutionConfigurationPlatforms) = preSolution
		Debug|Any CPU = Debug|Any CPU
		Release|Any CPU = Release|Any CPU
	EndGlobalSection
	GlobalSection(ProjectConfigurationPlatforms) = postSolution
		{B5494373-42F6-43FE-AFAC-D08106A3C77B}.Debug|Any CPU.ActiveCfg = Debug|Any CPU
		{B5494373-42F6-43FE-AFAC-D08106A3C77B}.Debug|Any CPU.Build.0 = Debug|Any CPU
		{B5494373-42F6-43FE-AFAC-D08106A3C77B}.Release|Any CPU.ActiveCfg = Release|Any CPU
		{B5494373-42F6-43FE-AFAC-D08106A3C77B}.Release|Any CPU.Build.0 = Release|Any CPU
	EndGlobalSection
	GlobalSection(SolutionProperties) = preSolution
		HideSolutionNode = FALSE
	EndGlobalSection
	GlobalSection(ExtensibilityGlobals) = postSolution
		SolutionGuid = {B52B4EE6-33D8-4401-A38C-74F88600F193}
	EndGlobalSection
EndGlobal
